
Microsoft Visual Studio Solution File, Format Version 12.00
# Visual Studio Version 17
VisualStudioVersion = 17.2.32616.157
MinimumVisualStudioVersion = 10.0.40219.1
Project("{FAE04EC0-301F-11D3-BF4B-00C04F79EFBC}") = "While loops and if statments", "While loops and if statments\While loops and if statments.csproj", "{ADDB7E12-2C6B-4CD0-964C-2DB635A5F07F}"
EndProject
Global
	GlobalSection(SolutionConfigurationPlatforms) = preSolution
		Debug|Any CPU = Debug|Any CPU
		Release|Any CPU = Release|Any CPU
	EndGlobalSection
	GlobalSection(ProjectConfigurationPlatforms) = postSolution
		{ADDB7E12-2C6B-4CD0-964C-2DB635A5F07F}.Debug|Any CPU.ActiveCfg = Debug|Any CPU
		{ADDB7E12-2C6B-4CD0-964C-2DB635A5F07F}.Debug|Any CPU.Build.0 = Debug|Any CPU
		{ADDB7E12-2C6B-4CD0-964C-2DB635A5F07F}.Release|Any CPU.ActiveCfg = Release|Any CPU
		{ADDB7E12-2C6B-4CD0-964C-2DB635A5F07F}.Release|Any CPU.Build.0 = Release|Any CPU
	EndGlobalSection
	GlobalSection(SolutionProperties) = preSolution
		HideSolutionNode = FALSE
	EndGlobalSection
	GlobalSection(ExtensibilityGlobals) = postSolution
		SolutionGuid = {B099DE86-2D55-4567-98E0-7004D5AEF8DF}
	EndGlobalSection
EndGlobal
