
Microsoft Visual Studio Solution File, Format Version 12.00
# Visual Studio Version 17
VisualStudioVersion = 17.2.32616.157
MinimumVisualStudioVersion = 10.0.40219.1
Project("{FAE04EC0-301F-11D3-BF4B-00C04F79EFBC}") = "Whilel loop and if statment", "Whilel loop and if statment\Whilel loop and if statment.csproj", "{180CB68A-5BE8-48F5-A79D-7EE4914D6319}"
EndProject
Global
	GlobalSection(SolutionConfigurationPlatforms) = preSolution
		Debug|Any CPU = Debug|Any CPU
		Release|Any CPU = Release|Any CPU
	EndGlobalSection
	GlobalSection(ProjectConfigurationPlatforms) = postSolution
		{180CB68A-5BE8-48F5-A79D-7EE4914D6319}.Debug|Any CPU.ActiveCfg = Debug|Any CPU
		{180CB68A-5BE8-48F5-A79D-7EE4914D6319}.Debug|Any CPU.Build.0 = Debug|Any CPU
		{180CB68A-5BE8-48F5-A79D-7EE4914D6319}.Release|Any CPU.ActiveCfg = Release|Any CPU
		{180CB68A-5BE8-48F5-A79D-7EE4914D6319}.Release|Any CPU.Build.0 = Release|Any CPU
	EndGlobalSection
	GlobalSection(SolutionProperties) = preSolution
		HideSolutionNode = FALSE
	EndGlobalSection
	GlobalSection(ExtensibilityGlobals) = postSolution
		SolutionGuid = {F3AF1682-F72E-4BE5-8DC2-808D55B74BA7}
	EndGlobalSection
EndGlobal
